
Microsoft Visual Studio Solution File, Format Version 12.00
# Visual Studio Version 17
VisualStudioVersion = 17.9.34728.123
MinimumVisualStudioVersion = 10.0.40219.1
Project("{8BC9CEB8-8B4A-11D0-8D11-00A0C91BC942}") = "ssd", "ssd\ssd.vcxproj", "{DE724ED6-24BB-4012-A884-6657EA0AA54C}"
EndProject
Project("{8BC9CEB8-8B4A-11D0-8D11-00A0C91BC942}") = "SSDTest", "SSDTest\SSDTest.vcxproj", "{5CFBF542-3833-40B5-AC0E-C17B017CADAC}"
EndProject
Project("{2150E333-8FDC-42A3-9474-1A3956D46DE8}") = "솔루션 항목", "솔루션 항목", "{1A61C291-C0CA-4ABD-8B26-5571B928D6F5}"
	ProjectSection(SolutionItems) = preProject
		.editconfig = .editconfig
		.gitignore = .gitignore
		run_list.lst = run_list.lst
		run_list_fail.lst = run_list_fail.lst
		TestGuide.lst = TestGuide.lst
	EndProjectSection
EndProject
Project("{8BC9CEB8-8B4A-11D0-8D11-00A0C91BC942}") = "shell", "shell\shell.vcxproj", "{D7C4E96F-58D7-4F36-81AB-A0B2F6458FDA}"
EndProject
Project("{8BC9CEB8-8B4A-11D0-8D11-00A0C91BC942}") = "FullWriteReadCompare", "FullWriteReadCompare\FullWriteReadCompare.vcxproj", "{230F5C51-C947-4DC0-B5EA-2916B002498D}"
EndProject
Project("{8BC9CEB8-8B4A-11D0-8D11-00A0C91BC942}") = "FullRead10AndCompare", "FullRead10AndCompare\FullRead10AndCompare.vcxproj", "{65C9FA7F-84A9-4A1F-A79D-07AD6682EE30}"
EndProject
Project("{8BC9CEB8-8B4A-11D0-8D11-00A0C91BC942}") = "Write10AndCompare", "Write10AndCompare\Write10AndCompare.vcxproj", "{8610892B-7586-4C4B-86E8-4C0F0F2C3276}"
EndProject
Project("{8BC9CEB8-8B4A-11D0-8D11-00A0C91BC942}") = "Loop_WriteAndReadCompare", "Loop_WriteAndReadCompare\Loop_WriteAndReadCompare.vcxproj", "{DF73792B-B154-4F6C-AEC7-3D4D16B8EC3C}"
EndProject
Project("{8BC9CEB8-8B4A-11D0-8D11-00A0C91BC942}") = "Write10AndCompareFail", "Write10AndCompareFail\Write10AndCompareFail.vcxproj", "{B6F37F24-7C15-4BA5-B257-FF876B32CB53}"
EndProject
Global
	GlobalSection(SolutionConfigurationPlatforms) = preSolution
		Debug|x64 = Debug|x64
		Debug|x86 = Debug|x86
		Release|x64 = Release|x64
		Release|x86 = Release|x86
	EndGlobalSection
	GlobalSection(ProjectConfigurationPlatforms) = postSolution
		{DE724ED6-24BB-4012-A884-6657EA0AA54C}.Debug|x64.ActiveCfg = Debug|x64
		{DE724ED6-24BB-4012-A884-6657EA0AA54C}.Debug|x64.Build.0 = Debug|x64
		{DE724ED6-24BB-4012-A884-6657EA0AA54C}.Debug|x86.ActiveCfg = Debug|Win32
		{DE724ED6-24BB-4012-A884-6657EA0AA54C}.Debug|x86.Build.0 = Debug|Win32
		{DE724ED6-24BB-4012-A884-6657EA0AA54C}.Release|x64.ActiveCfg = Release|x64
		{DE724ED6-24BB-4012-A884-6657EA0AA54C}.Release|x64.Build.0 = Release|x64
		{DE724ED6-24BB-4012-A884-6657EA0AA54C}.Release|x86.ActiveCfg = Release|Win32
		{DE724ED6-24BB-4012-A884-6657EA0AA54C}.Release|x86.Build.0 = Release|Win32
		{5CFBF542-3833-40B5-AC0E-C17B017CADAC}.Debug|x64.ActiveCfg = Debug|x64
		{5CFBF542-3833-40B5-AC0E-C17B017CADAC}.Debug|x64.Build.0 = Debug|x64
		{5CFBF542-3833-40B5-AC0E-C17B017CADAC}.Debug|x86.ActiveCfg = Debug|Win32
		{5CFBF542-3833-40B5-AC0E-C17B017CADAC}.Debug|x86.Build.0 = Debug|Win32
		{5CFBF542-3833-40B5-AC0E-C17B017CADAC}.Release|x64.ActiveCfg = Release|x64
		{5CFBF542-3833-40B5-AC0E-C17B017CADAC}.Release|x64.Build.0 = Release|x64
		{5CFBF542-3833-40B5-AC0E-C17B017CADAC}.Release|x86.ActiveCfg = Release|Win32
		{5CFBF542-3833-40B5-AC0E-C17B017CADAC}.Release|x86.Build.0 = Release|Win32
		{D7C4E96F-58D7-4F36-81AB-A0B2F6458FDA}.Debug|x64.ActiveCfg = Debug|x64
		{D7C4E96F-58D7-4F36-81AB-A0B2F6458FDA}.Debug|x64.Build.0 = Debug|x64
		{D7C4E96F-58D7-4F36-81AB-A0B2F6458FDA}.Debug|x86.ActiveCfg = Debug|Win32
		{D7C4E96F-58D7-4F36-81AB-A0B2F6458FDA}.Debug|x86.Build.0 = Debug|Win32
		{D7C4E96F-58D7-4F36-81AB-A0B2F6458FDA}.Release|x64.ActiveCfg = Release|x64
		{D7C4E96F-58D7-4F36-81AB-A0B2F6458FDA}.Release|x64.Build.0 = Release|x64
		{D7C4E96F-58D7-4F36-81AB-A0B2F6458FDA}.Release|x86.ActiveCfg = Release|Win32
		{D7C4E96F-58D7-4F36-81AB-A0B2F6458FDA}.Release|x86.Build.0 = Release|Win32
		{230F5C51-C947-4DC0-B5EA-2916B002498D}.Debug|x64.ActiveCfg = Debug|x64
		{230F5C51-C947-4DC0-B5EA-2916B002498D}.Debug|x64.Build.0 = Debug|x64
		{230F5C51-C947-4DC0-B5EA-2916B002498D}.Debug|x86.ActiveCfg = Debug|Win32
		{230F5C51-C947-4DC0-B5EA-2916B002498D}.Debug|x86.Build.0 = Debug|Win32
		{230F5C51-C947-4DC0-B5EA-2916B002498D}.Release|x64.ActiveCfg = Release|x64
		{230F5C51-C947-4DC0-B5EA-2916B002498D}.Release|x64.Build.0 = Release|x64
		{230F5C51-C947-4DC0-B5EA-2916B002498D}.Release|x86.ActiveCfg = Release|Win32
		{230F5C51-C947-4DC0-B5EA-2916B002498D}.Release|x86.Build.0 = Release|Win32
		{65C9FA7F-84A9-4A1F-A79D-07AD6682EE30}.Debug|x64.ActiveCfg = Debug|x64
		{65C9FA7F-84A9-4A1F-A79D-07AD6682EE30}.Debug|x64.Build.0 = Debug|x64
		{65C9FA7F-84A9-4A1F-A79D-07AD6682EE30}.Debug|x86.ActiveCfg = Debug|Win32
		{65C9FA7F-84A9-4A1F-A79D-07AD6682EE30}.Debug|x86.Build.0 = Debug|Win32
		{65C9FA7F-84A9-4A1F-A79D-07AD6682EE30}.Release|x64.ActiveCfg = Release|x64
		{65C9FA7F-84A9-4A1F-A79D-07AD6682EE30}.Release|x64.Build.0 = Release|x64
		{65C9FA7F-84A9-4A1F-A79D-07AD6682EE30}.Release|x86.ActiveCfg = Release|Win32
		{65C9FA7F-84A9-4A1F-A79D-07AD6682EE30}.Release|x86.Build.0 = Release|Win32
		{8610892B-7586-4C4B-86E8-4C0F0F2C3276}.Debug|x64.ActiveCfg = Debug|x64
		{8610892B-7586-4C4B-86E8-4C0F0F2C3276}.Debug|x64.Build.0 = Debug|x64
		{8610892B-7586-4C4B-86E8-4C0F0F2C3276}.Debug|x86.ActiveCfg = Debug|Win32
		{8610892B-7586-4C4B-86E8-4C0F0F2C3276}.Debug|x86.Build.0 = Debug|Win32
		{8610892B-7586-4C4B-86E8-4C0F0F2C3276}.Release|x64.ActiveCfg = Release|x64
		{8610892B-7586-4C4B-86E8-4C0F0F2C3276}.Release|x64.Build.0 = Release|x64
		{8610892B-7586-4C4B-86E8-4C0F0F2C3276}.Release|x86.ActiveCfg = Release|Win32
		{8610892B-7586-4C4B-86E8-4C0F0F2C3276}.Release|x86.Build.0 = Release|Win32
		{DF73792B-B154-4F6C-AEC7-3D4D16B8EC3C}.Debug|x64.ActiveCfg = Debug|x64
		{DF73792B-B154-4F6C-AEC7-3D4D16B8EC3C}.Debug|x64.Build.0 = Debug|x64
		{DF73792B-B154-4F6C-AEC7-3D4D16B8EC3C}.Debug|x86.ActiveCfg = Debug|Win32
		{DF73792B-B154-4F6C-AEC7-3D4D16B8EC3C}.Debug|x86.Build.0 = Debug|Win32
		{DF73792B-B154-4F6C-AEC7-3D4D16B8EC3C}.Release|x64.ActiveCfg = Release|x64
		{DF73792B-B154-4F6C-AEC7-3D4D16B8EC3C}.Release|x64.Build.0 = Release|x64
		{DF73792B-B154-4F6C-AEC7-3D4D16B8EC3C}.Release|x86.ActiveCfg = Release|Win32
		{DF73792B-B154-4F6C-AEC7-3D4D16B8EC3C}.Release|x86.Build.0 = Release|Win32
		{B6F37F24-7C15-4BA5-B257-FF876B32CB53}.Debug|x64.ActiveCfg = Debug|x64
		{B6F37F24-7C15-4BA5-B257-FF876B32CB53}.Debug|x64.Build.0 = Debug|x64
		{B6F37F24-7C15-4BA5-B257-FF876B32CB53}.Debug|x86.ActiveCfg = Debug|Win32
		{B6F37F24-7C15-4BA5-B257-FF876B32CB53}.Debug|x86.Build.0 = Debug|Win32
		{B6F37F24-7C15-4BA5-B257-FF876B32CB53}.Release|x64.ActiveCfg = Release|x64
		{B6F37F24-7C15-4BA5-B257-FF876B32CB53}.Release|x64.Build.0 = Release|x64
		{B6F37F24-7C15-4BA5-B257-FF876B32CB53}.Release|x86.ActiveCfg = Release|Win32
		{B6F37F24-7C15-4BA5-B257-FF876B32CB53}.Release|x86.Build.0 = Release|Win32
	EndGlobalSection
	GlobalSection(SolutionProperties) = preSolution
		HideSolutionNode = FALSE
	EndGlobalSection
	GlobalSection(ExtensibilityGlobals) = postSolution
		SolutionGuid = {00418332-8575-4E15-8E93-BF1E452B138D}
	EndGlobalSection
EndGlobal
